
Microsoft Visual Studio Solution File, Format Version 12.00
# Visual Studio Version 16
VisualStudioVersion = 16.0.31129.286
MinimumVisualStudioVersion = 10.0.40219.1
Project("{9A19103F-16F7-4668-BE54-9A1E7A4F7556}") = "ConsoleApp1", "ConsoleApp1\ConsoleApp1.csproj", "{FA25ED48-C9BB-4F31-BEEB-49DC658792C5}"
EndProject
Project("{FAE04EC0-301F-11D3-BF4B-00C04F79EFBC}") = "healthy.ex1", "healthy.ex1\healthy.ex1.csproj", "{AEAC9B6F-01E5-4654-8822-99DE71975F81}"
EndProject
Global
	GlobalSection(SolutionConfigurationPlatforms) = preSolution
		Debug|Any CPU = Debug|Any CPU
		Release|Any CPU = Release|Any CPU
	EndGlobalSection
	GlobalSection(ProjectConfigurationPlatforms) = postSolution
		{FA25ED48-C9BB-4F31-BEEB-49DC658792C5}.Debug|Any CPU.ActiveCfg = Debug|Any CPU
		{FA25ED48-C9BB-4F31-BEEB-49DC658792C5}.Debug|Any CPU.Build.0 = Debug|Any CPU
		{FA25ED48-C9BB-4F31-BEEB-49DC658792C5}.Release|Any CPU.ActiveCfg = Release|Any CPU
		{FA25ED48-C9BB-4F31-BEEB-49DC658792C5}.Release|Any CPU.Build.0 = Release|Any CPU
		{AEAC9B6F-01E5-4654-8822-99DE71975F81}.Debug|Any CPU.ActiveCfg = Debug|Any CPU
		{AEAC9B6F-01E5-4654-8822-99DE71975F81}.Debug|Any CPU.Build.0 = Debug|Any CPU
		{AEAC9B6F-01E5-4654-8822-99DE71975F81}.Release|Any CPU.ActiveCfg = Release|Any CPU
		{AEAC9B6F-01E5-4654-8822-99DE71975F81}.Release|Any CPU.Build.0 = Release|Any CPU
	EndGlobalSection
	GlobalSection(SolutionProperties) = preSolution
		HideSolutionNode = FALSE
	EndGlobalSection
	GlobalSection(ExtensibilityGlobals) = postSolution
		SolutionGuid = {F9D1E3B7-7900-46B4-B1BA-5452DA9C86A4}
	EndGlobalSection
EndGlobal
